
Microsoft Visual Studio Solution File, Format Version 12.00
# Visual Studio Version 17
VisualStudioVersion = 17.13.35806.99 d17.13
MinimumVisualStudioVersion = 10.0.40219.1
Project("{FAE04EC0-301F-11D3-BF4B-00C04F79EFBC}") = "RestWithASPNETErudio", "RestWithASPNETErudio\RestWithASPNETErudio.csproj", "{D1193B69-7089-45D4-BCFA-8A7B828A4B7E}"
EndProject
Global
	GlobalSection(SolutionConfigurationPlatforms) = preSolution
		Debug|Any CPU = Debug|Any CPU
		Release|Any CPU = Release|Any CPU
	EndGlobalSection
	GlobalSection(ProjectConfigurationPlatforms) = postSolution
		{D1193B69-7089-45D4-BCFA-8A7B828A4B7E}.Debug|Any CPU.ActiveCfg = Debug|Any CPU
		{D1193B69-7089-45D4-BCFA-8A7B828A4B7E}.Debug|Any CPU.Build.0 = Debug|Any CPU
		{D1193B69-7089-45D4-BCFA-8A7B828A4B7E}.Release|Any CPU.ActiveCfg = Release|Any CPU
		{D1193B69-7089-45D4-BCFA-8A7B828A4B7E}.Release|Any CPU.Build.0 = Release|Any CPU
	EndGlobalSection
	GlobalSection(SolutionProperties) = preSolution
		HideSolutionNode = FALSE
	EndGlobalSection
	GlobalSection(ExtensibilityGlobals) = postSolution
		SolutionGuid = {450F443D-408D-4FB5-BEF1-2EADFBD984E3}
	EndGlobalSection
EndGlobal
